
Microsoft Visual Studio Solution File, Format Version 12.00
# Visual Studio 14
VisualStudioVersion = 14.0.25420.1
MinimumVisualStudioVersion = 10.0.40219.1
Project("{FAE04EC0-301F-11D3-BF4B-00C04F79EFBC}") = "RainHarvest.Services", "RainHarvest.Services\RainHarvest.Services.csproj", "{67EE5154-73C9-414C-9A6C-D8380760CD28}"
EndProject
Project("{FAE04EC0-301F-11D3-BF4B-00C04F79EFBC}") = "RainHarvest.UI", "RainHarvest.UI\RainHarvest.UI.csproj", "{B68D7F9C-9495-4B1B-A3CA-07D2679CA690}"
EndProject
Global
	GlobalSection(SolutionConfigurationPlatforms) = preSolution
		Debug|Any CPU = Debug|Any CPU
		Release|Any CPU = Release|Any CPU
	EndGlobalSection
	GlobalSection(ProjectConfigurationPlatforms) = postSolution
		{67EE5154-73C9-414C-9A6C-D8380760CD28}.Debug|Any CPU.ActiveCfg = Debug|Any CPU
		{67EE5154-73C9-414C-9A6C-D8380760CD28}.Debug|Any CPU.Build.0 = Debug|Any CPU
		{67EE5154-73C9-414C-9A6C-D8380760CD28}.Release|Any CPU.ActiveCfg = Release|Any CPU
		{67EE5154-73C9-414C-9A6C-D8380760CD28}.Release|Any CPU.Build.0 = Release|Any CPU
		{B68D7F9C-9495-4B1B-A3CA-07D2679CA690}.Debug|Any CPU.ActiveCfg = Debug|Any CPU
		{B68D7F9C-9495-4B1B-A3CA-07D2679CA690}.Debug|Any CPU.Build.0 = Debug|Any CPU
		{B68D7F9C-9495-4B1B-A3CA-07D2679CA690}.Release|Any CPU.ActiveCfg = Release|Any CPU
		{B68D7F9C-9495-4B1B-A3CA-07D2679CA690}.Release|Any CPU.Build.0 = Release|Any CPU
	EndGlobalSection
	GlobalSection(SolutionProperties) = preSolution
		HideSolutionNode = FALSE
	EndGlobalSection
EndGlobal
